# This file is automatically @generated by Cargo.
# It is not intended for manual editing.
version = 3

[[package]]
name = "cfg-if"
version = "1.0.0"
source = "registry+https://github.com/rust-lang/crates.io-index"
checksum = "baf1de4339761588bc0619e3cbc0120ee582ebb74b53b4efbf79117bd2da40fd"

[[package]]
name = "lazy_static"
version = "1.4.0"
source = "registry+https://github.com/rust-lang/crates.io-index"
checksum = "e2abad23fbc42b3700f2f279844dc832adb2b2eb069b2df918f455c4e18cc646"

[[package]]
name = "libm"
version = "0.1.4"
source = "registry+https://github.com/rust-lang/crates.io-index"
checksum = "7fc7aa29613bd6a620df431842069224d8bc9011086b1db4c0e0cd47fa03ec9a"

[[package]]
name = "packed_simd_2"
version = "0.3.7"
source = "registry+https://github.com/rust-lang/crates.io-index"
checksum = "defdcfef86dcc44ad208f71d9ff4ce28df6537a4e0d6b0e8e845cb8ca10059a6"
dependencies = [
 "cfg-if",
 "libm",
]

[[package]]
name = "wordle"
version = "0.1.0"
dependencies = [
 "lazy_static",
 "packed_simd_2",
]
